<?xml version="1.0" encoding="utf-8"?>
<Project ToolsVersion="4.0" xmlns="http://schemas.microsoft.com/developer/msbuild/2003">
  <ItemGroup>
    <Filter Include="Source Files">
      <UniqueIdentifier>{4FC737F1-C7A5-4376-A066-2A32D752A2FF}</UniqueIdentifier>
      <Extensions>cpp;c;cxx;def;odl;idl;hpj;bat;asm;asmx</Extensions>
    </Filter>
    <Filter Include="Header Files">
      <UniqueIdentifier>{93995380-89BD-4b04-88EB-625FBE52EBFB}</UniqueIdentifier>
      <Extensions>h;hpp;hxx;hm;inl;inc;xsd</Extensions>
    </Filter>
  </ItemGroup>
  <ItemGroup>
    <ClCompile Include="Ball.cxx">
      <Filter>Source Files</Filter>
    </ClCompile>
    <ClCompile Include="BallAux.cxx">
      <Filter>Source Files</Filter>
    </ClCompile>
    <ClCompile Include="BallMath.cxx">
      <Filter>Source Files</Filter>
    </ClCompile>
    <ClCompile Include="CoordSystem.cxx">
      <Filter>Source Files</Filter>
    </ClCompile>
    <ClCompile Include="FrameSaver.cpp">
      <Filter>Source Files</Filter>
    </ClCompile>
    <ClCompile Include="GLutilities.cxx">
      <Filter>Source Files</Filter>
    </ClCompile>
    <ClCompile Include="myMath.cxx">
      <Filter>Source Files</Filter>
    </ClCompile>
    <ClCompile Include="noise.cpp">
      <Filter>Source Files</Filter>
    </ClCompile>
    <ClCompile Include="Picker.cpp">
      <Filter>Source Files</Filter>
    </ClCompile>
    <ClCompile Include="Quaternion.cxx">
      <Filter>Source Files</Filter>
    </ClCompile>
    <ClCompile Include="Timer.cpp">
      <Filter>Source Files</Filter>
    </ClCompile>
    <ClCompile Include="vector.cxx">
      <Filter>Source Files</Filter>
    </ClCompile>
    <ClCompile Include="vectorObj.cxx">
      <Filter>Source Files</Filter>
    </ClCompile>
    <ClCompile Include="image.cpp">
      <Filter>Source Files</Filter>
    </ClCompile>
  </ItemGroup>
  <ItemGroup>
    <ClInclude Include="Ball.h">
      <Filter>Header Files</Filter>
    </ClInclude>
    <ClInclude Include="BallAux.h">
      <Filter>Header Files</Filter>
    </ClInclude>
    <ClInclude Include="BallMath.h">
      <Filter>Header Files</Filter>
    </ClInclude>
    <ClInclude Include="CoordSystem.h">
      <Filter>Header Files</Filter>
    </ClInclude>
    <ClInclude Include="FrameSaver.h">
      <Filter>Header Files</Filter>
    </ClInclude>
    <ClInclude Include="myMath.h">
      <Filter>Header Files</Filter>
    </ClInclude>
    <ClInclude Include="noise.h">
      <Filter>Header Files</Filter>
    </ClInclude>
    <ClInclude Include="Picker.h">
      <Filter>Header Files</Filter>
    </ClInclude>
    <ClInclude Include="Quaternion.h">
      <Filter>Header Files</Filter>
    </ClInclude>
    <ClInclude Include="Timer.h">
      <Filter>Header Files</Filter>
    </ClInclude>
    <ClInclude Include="util.h">
      <Filter>Header Files</Filter>
    </ClInclude>
    <ClInclude Include="vector.h">
      <Filter>Header Files</Filter>
    </ClInclude>
    <ClInclude Include="vectorObj.h">
      <Filter>Header Files</Filter>
    </ClInclude>
    <ClInclude Include="image.h">
      <Filter>Header Files</Filter>
    </ClInclude>
  </ItemGroup>
</Project>